
Microsoft Visual Studio Solution File, Format Version 12.00
# Visual Studio Version 16
VisualStudioVersion = 16.0.29215.179
MinimumVisualStudioVersion = 10.0.40219.1
Project("{9A19103F-16F7-4668-BE54-9A1E7A4F7556}") = "DataModels", "DataModels\DataModels.csproj", "{11A22B5C-A7D0-4470-9F94-215B7212019E}"
EndProject
Project("{9A19103F-16F7-4668-BE54-9A1E7A4F7556}") = "DataAccess", "DataAccess\DataAccess.csproj", "{EC40B810-22B2-48CC-A7A8-C312A8A5EDE8}"
EndProject
Project("{9A19103F-16F7-4668-BE54-9A1E7A4F7556}") = "Models", "Models\Models.csproj", "{A0C23A1F-20AE-42DE-8203-E185117C6BFC}"
EndProject
Project("{9A19103F-16F7-4668-BE54-9A1E7A4F7556}") = "Services", "Services\Services.csproj", "{48BF383E-EBFF-48CA-9E0F-7D98905DA17A}"
EndProject
Project("{FAE04EC0-301F-11D3-BF4B-00C04F79EFBC}") = "WebAPI", "WebAPI\WebAPI.csproj", "{DF7ABB5C-5FB9-4107-BAB8-FB2B5C3CCBD5}"
EndProject
Global
	GlobalSection(SolutionConfigurationPlatforms) = preSolution
		Debug|Any CPU = Debug|Any CPU
		Release|Any CPU = Release|Any CPU
	EndGlobalSection
	GlobalSection(ProjectConfigurationPlatforms) = postSolution
		{11A22B5C-A7D0-4470-9F94-215B7212019E}.Debug|Any CPU.ActiveCfg = Debug|Any CPU
		{11A22B5C-A7D0-4470-9F94-215B7212019E}.Debug|Any CPU.Build.0 = Debug|Any CPU
		{11A22B5C-A7D0-4470-9F94-215B7212019E}.Release|Any CPU.ActiveCfg = Release|Any CPU
		{11A22B5C-A7D0-4470-9F94-215B7212019E}.Release|Any CPU.Build.0 = Release|Any CPU
		{EC40B810-22B2-48CC-A7A8-C312A8A5EDE8}.Debug|Any CPU.ActiveCfg = Debug|Any CPU
		{EC40B810-22B2-48CC-A7A8-C312A8A5EDE8}.Debug|Any CPU.Build.0 = Debug|Any CPU
		{EC40B810-22B2-48CC-A7A8-C312A8A5EDE8}.Release|Any CPU.ActiveCfg = Release|Any CPU
		{EC40B810-22B2-48CC-A7A8-C312A8A5EDE8}.Release|Any CPU.Build.0 = Release|Any CPU
		{A0C23A1F-20AE-42DE-8203-E185117C6BFC}.Debug|Any CPU.ActiveCfg = Debug|Any CPU
		{A0C23A1F-20AE-42DE-8203-E185117C6BFC}.Debug|Any CPU.Build.0 = Debug|Any CPU
		{A0C23A1F-20AE-42DE-8203-E185117C6BFC}.Release|Any CPU.ActiveCfg = Release|Any CPU
		{A0C23A1F-20AE-42DE-8203-E185117C6BFC}.Release|Any CPU.Build.0 = Release|Any CPU
		{48BF383E-EBFF-48CA-9E0F-7D98905DA17A}.Debug|Any CPU.ActiveCfg = Debug|Any CPU
		{48BF383E-EBFF-48CA-9E0F-7D98905DA17A}.Debug|Any CPU.Build.0 = Debug|Any CPU
		{48BF383E-EBFF-48CA-9E0F-7D98905DA17A}.Release|Any CPU.ActiveCfg = Release|Any CPU
		{48BF383E-EBFF-48CA-9E0F-7D98905DA17A}.Release|Any CPU.Build.0 = Release|Any CPU
		{DF7ABB5C-5FB9-4107-BAB8-FB2B5C3CCBD5}.Debug|Any CPU.ActiveCfg = Debug|Any CPU
		{DF7ABB5C-5FB9-4107-BAB8-FB2B5C3CCBD5}.Debug|Any CPU.Build.0 = Debug|Any CPU
		{DF7ABB5C-5FB9-4107-BAB8-FB2B5C3CCBD5}.Release|Any CPU.ActiveCfg = Release|Any CPU
		{DF7ABB5C-5FB9-4107-BAB8-FB2B5C3CCBD5}.Release|Any CPU.Build.0 = Release|Any CPU
	EndGlobalSection
	GlobalSection(SolutionProperties) = preSolution
		HideSolutionNode = FALSE
	EndGlobalSection
	GlobalSection(ExtensibilityGlobals) = postSolution
		SolutionGuid = {C8D71F4C-0575-4858-AA99-EED5B825C3F6}
	EndGlobalSection
EndGlobal
